
Microsoft Visual Studio Solution File, Format Version 12.00
# Visual Studio Version 17
VisualStudioVersion = 17.10.35013.160
MinimumVisualStudioVersion = 10.0.40219.1
Project("{FAE04EC0-301F-11D3-BF4B-00C04F79EFBC}") = "Semestr_3_Lab_0_WPF", "Semestr_3_Lab_0_WPF\Semestr_3_Lab_0_WPF.csproj", "{37B577B6-A856-4306-BFE7-7FD3E4AE6501}"
EndProject
Global
	GlobalSection(SolutionConfigurationPlatforms) = preSolution
		Debug|Any CPU = Debug|Any CPU
		Release|Any CPU = Release|Any CPU
	EndGlobalSection
	GlobalSection(ProjectConfigurationPlatforms) = postSolution
		{37B577B6-A856-4306-BFE7-7FD3E4AE6501}.Debug|Any CPU.ActiveCfg = Debug|Any CPU
		{37B577B6-A856-4306-BFE7-7FD3E4AE6501}.Debug|Any CPU.Build.0 = Debug|Any CPU
		{37B577B6-A856-4306-BFE7-7FD3E4AE6501}.Release|Any CPU.ActiveCfg = Release|Any CPU
		{37B577B6-A856-4306-BFE7-7FD3E4AE6501}.Release|Any CPU.Build.0 = Release|Any CPU
	EndGlobalSection
	GlobalSection(SolutionProperties) = preSolution
		HideSolutionNode = FALSE
	EndGlobalSection
	GlobalSection(ExtensibilityGlobals) = postSolution
		SolutionGuid = {DFE1142F-7A87-4CA5-97BA-0FBAA98A5D7B}
	EndGlobalSection
EndGlobal
